
Microsoft Visual Studio Solution File, Format Version 12.00
# Visual Studio 15
VisualStudioVersion = 15.0.27004.2009
MinimumVisualStudioVersion = 10.0.40219.1
Project("{FAE04EC0-301F-11D3-BF4B-00C04F79EFBC}") = "BlackJack.Client.Console", "BlackJack.Client.Console\BlackJack.Client.Console.csproj", "{66B9447A-A3F7-4DC9-B935-76FF290B699B}"
EndProject
Project("{FAE04EC0-301F-11D3-BF4B-00C04F79EFBC}") = "BlackJack.Core", "BlackJack.Core\BlackJack.Core.csproj", "{760E1722-669A-4F89-AA43-57DAC6590677}"
EndProject
Global
	GlobalSection(SolutionConfigurationPlatforms) = preSolution
		Debug|Any CPU = Debug|Any CPU
		Release|Any CPU = Release|Any CPU
	EndGlobalSection
	GlobalSection(ProjectConfigurationPlatforms) = postSolution
		{66B9447A-A3F7-4DC9-B935-76FF290B699B}.Debug|Any CPU.ActiveCfg = Debug|Any CPU
		{66B9447A-A3F7-4DC9-B935-76FF290B699B}.Debug|Any CPU.Build.0 = Debug|Any CPU
		{66B9447A-A3F7-4DC9-B935-76FF290B699B}.Release|Any CPU.ActiveCfg = Release|Any CPU
		{66B9447A-A3F7-4DC9-B935-76FF290B699B}.Release|Any CPU.Build.0 = Release|Any CPU
		{760E1722-669A-4F89-AA43-57DAC6590677}.Debug|Any CPU.ActiveCfg = Debug|Any CPU
		{760E1722-669A-4F89-AA43-57DAC6590677}.Debug|Any CPU.Build.0 = Debug|Any CPU
		{760E1722-669A-4F89-AA43-57DAC6590677}.Release|Any CPU.ActiveCfg = Release|Any CPU
		{760E1722-669A-4F89-AA43-57DAC6590677}.Release|Any CPU.Build.0 = Release|Any CPU
	EndGlobalSection
	GlobalSection(SolutionProperties) = preSolution
		HideSolutionNode = FALSE
	EndGlobalSection
	GlobalSection(ExtensibilityGlobals) = postSolution
		SolutionGuid = {4781930A-BDF6-4AB3-9C0F-4B42F769E36E}
	EndGlobalSection
EndGlobal
