
Microsoft Visual Studio Solution File, Format Version 12.00
# Visual Studio 14
VisualStudioVersion = 14.0.25420.1
MinimumVisualStudioVersion = 10.0.40219.1
Project("{FAE04EC0-301F-11D3-BF4B-00C04F79EFBC}") = "01_Hello_World", "01_Hello_World\01_Hello_World.csproj", "{7537AFE5-A776-4DB4-991F-E9E210204DF9}"
EndProject
Project("{FAE04EC0-301F-11D3-BF4B-00C04F79EFBC}") = "02_Paar_Rida", "02_Paar_Rida\02_Paar_Rida.csproj", "{3BD933D2-2CE4-426A-9355-5851C4659970}"
EndProject
Project("{FAE04EC0-301F-11D3-BF4B-00C04F79EFBC}") = "03_Papagoi", "03_Papagoi\03_Papagoi.csproj", "{580056A9-D899-4BEC-B0C2-6E79DFEC6A69}"
EndProject
Project("{FAE04EC0-301F-11D3-BF4B-00C04F79EFBC}") = "04_Calc_Plus", "04_Calc_Plus\04_Calc_Plus.csproj", "{863192BC-49C1-4066-8853-AC2871CFC1FB}"
EndProject
Project("{FAE04EC0-301F-11D3-BF4B-00C04F79EFBC}") = "05_guess", "05_guess\05_guess.csproj", "{73529331-F48B-4773-84B8-5C77911BDF68}"
EndProject
Global
	GlobalSection(SolutionConfigurationPlatforms) = preSolution
		Debug|Any CPU = Debug|Any CPU
		Release|Any CPU = Release|Any CPU
	EndGlobalSection
	GlobalSection(ProjectConfigurationPlatforms) = postSolution
		{7537AFE5-A776-4DB4-991F-E9E210204DF9}.Debug|Any CPU.ActiveCfg = Debug|Any CPU
		{7537AFE5-A776-4DB4-991F-E9E210204DF9}.Debug|Any CPU.Build.0 = Debug|Any CPU
		{7537AFE5-A776-4DB4-991F-E9E210204DF9}.Release|Any CPU.ActiveCfg = Release|Any CPU
		{7537AFE5-A776-4DB4-991F-E9E210204DF9}.Release|Any CPU.Build.0 = Release|Any CPU
		{3BD933D2-2CE4-426A-9355-5851C4659970}.Debug|Any CPU.ActiveCfg = Debug|Any CPU
		{3BD933D2-2CE4-426A-9355-5851C4659970}.Debug|Any CPU.Build.0 = Debug|Any CPU
		{3BD933D2-2CE4-426A-9355-5851C4659970}.Release|Any CPU.ActiveCfg = Release|Any CPU
		{3BD933D2-2CE4-426A-9355-5851C4659970}.Release|Any CPU.Build.0 = Release|Any CPU
		{580056A9-D899-4BEC-B0C2-6E79DFEC6A69}.Debug|Any CPU.ActiveCfg = Debug|Any CPU
		{580056A9-D899-4BEC-B0C2-6E79DFEC6A69}.Debug|Any CPU.Build.0 = Debug|Any CPU
		{580056A9-D899-4BEC-B0C2-6E79DFEC6A69}.Release|Any CPU.ActiveCfg = Release|Any CPU
		{580056A9-D899-4BEC-B0C2-6E79DFEC6A69}.Release|Any CPU.Build.0 = Release|Any CPU
		{863192BC-49C1-4066-8853-AC2871CFC1FB}.Debug|Any CPU.ActiveCfg = Debug|Any CPU
		{863192BC-49C1-4066-8853-AC2871CFC1FB}.Debug|Any CPU.Build.0 = Debug|Any CPU
		{863192BC-49C1-4066-8853-AC2871CFC1FB}.Release|Any CPU.ActiveCfg = Release|Any CPU
		{863192BC-49C1-4066-8853-AC2871CFC1FB}.Release|Any CPU.Build.0 = Release|Any CPU
		{73529331-F48B-4773-84B8-5C77911BDF68}.Debug|Any CPU.ActiveCfg = Debug|Any CPU
		{73529331-F48B-4773-84B8-5C77911BDF68}.Debug|Any CPU.Build.0 = Debug|Any CPU
		{73529331-F48B-4773-84B8-5C77911BDF68}.Release|Any CPU.ActiveCfg = Release|Any CPU
		{73529331-F48B-4773-84B8-5C77911BDF68}.Release|Any CPU.Build.0 = Release|Any CPU
	EndGlobalSection
	GlobalSection(SolutionProperties) = preSolution
		HideSolutionNode = FALSE
	EndGlobalSection
EndGlobal
