
Microsoft Visual Studio Solution File, Format Version 12.00
# Visual Studio 15
VisualStudioVersion = 15.0.27004.2002
MinimumVisualStudioVersion = 10.0.40219.1
Project("{FAE04EC0-301F-11D3-BF4B-00C04F79EFBC}") = "01_Hello_World", "01_Hello_World\01_Hello_World.csproj", "{7537AFE5-A776-4DB4-991F-E9E210204DF9}"
EndProject
Project("{FAE04EC0-301F-11D3-BF4B-00C04F79EFBC}") = "02_Paar_Rida", "02_Paar_Rida\02_Paar_Rida.csproj", "{3BD933D2-2CE4-426A-9355-5851C4659970}"
EndProject
Project("{FAE04EC0-301F-11D3-BF4B-00C04F79EFBC}") = "03_Papagoi", "03_Papagoi\03_Papagoi.csproj", "{580056A9-D899-4BEC-B0C2-6E79DFEC6A69}"
EndProject
Project("{FAE04EC0-301F-11D3-BF4B-00C04F79EFBC}") = "04_Calc_Plus", "04_Calc_Plus\04_Calc_Plus.csproj", "{863192BC-49C1-4066-8853-AC2871CFC1FB}"
EndProject
Project("{FAE04EC0-301F-11D3-BF4B-00C04F79EFBC}") = "05_guess", "05_guess\05_guess.csproj", "{73529331-F48B-4773-84B8-5C77911BDF68}"
EndProject
Project("{FAE04EC0-301F-11D3-BF4B-00C04F79EFBC}") = "08_Excuses", "08_Excuses\08_Excuses.csproj", "{2C637DD5-B5F0-4DC0-8495-B1F4FF677DFF}"
EndProject
Project("{FAE04EC0-301F-11D3-BF4B-00C04F79EFBC}") = "09_Excuses_Each", "09_Excuses_Each\09_Excuses_Each.csproj", "{838FF73C-7D02-4061-AD90-683767B74EE5}"
EndProject
Project("{FAE04EC0-301F-11D3-BF4B-00C04F79EFBC}") = "01_Procent", "01_Procent\01_Procent.csproj", "{F3D204EC-4C5E-4130-B58E-F883D6401BB8}"
EndProject
Project("{FAE04EC0-301F-11D3-BF4B-00C04F79EFBC}") = "10_Dice_Roller", "01_Dice_Roller\10_Dice_Roller.csproj", "{FF5C4FBB-51EB-4FD2-AD7F-F1418071C9EC}"
EndProject
Project("{FAE04EC0-301F-11D3-BF4B-00C04F79EFBC}") = "10_Dice_Roller_Random", "10_Dice_Roller_Random\10_Dice_Roller_Random.csproj", "{8FB296F7-8341-444B-AF4F-09293F9D4F9E}"
EndProject
Project("{FAE04EC0-301F-11D3-BF4B-00C04F79EFBC}") = "10_Dice_Roller_For_Random", "10_Dice_Roller_For_Random\10_Dice_Roller_For_Random.csproj", "{BBB82056-B869-4039-A506-EE156A4B89CB}"
EndProject
Project("{FAE04EC0-301F-11D3-BF4B-00C04F79EFBC}") = "10_Dice_Roller_Total", "10_Dice_Roller_Total\10_Dice_Roller_Total.csproj", "{6498E1C5-A97D-4E0E-9D6A-3D23147631DF}"
EndProject
Project("{FAE04EC0-301F-11D3-BF4B-00C04F79EFBC}") = "10_Dice_Roller_Class", "10_Dice_Roller_Class\10_Dice_Roller_Class.csproj", "{909CADC7-6E0A-4B54-9BCA-6A2B4DC43C7D}"
EndProject
Global
	GlobalSection(SolutionConfigurationPlatforms) = preSolution
		Debug|Any CPU = Debug|Any CPU
		Release|Any CPU = Release|Any CPU
	EndGlobalSection
	GlobalSection(ProjectConfigurationPlatforms) = postSolution
		{7537AFE5-A776-4DB4-991F-E9E210204DF9}.Debug|Any CPU.ActiveCfg = Debug|Any CPU
		{7537AFE5-A776-4DB4-991F-E9E210204DF9}.Debug|Any CPU.Build.0 = Debug|Any CPU
		{7537AFE5-A776-4DB4-991F-E9E210204DF9}.Release|Any CPU.ActiveCfg = Release|Any CPU
		{7537AFE5-A776-4DB4-991F-E9E210204DF9}.Release|Any CPU.Build.0 = Release|Any CPU
		{3BD933D2-2CE4-426A-9355-5851C4659970}.Debug|Any CPU.ActiveCfg = Debug|Any CPU
		{3BD933D2-2CE4-426A-9355-5851C4659970}.Debug|Any CPU.Build.0 = Debug|Any CPU
		{3BD933D2-2CE4-426A-9355-5851C4659970}.Release|Any CPU.ActiveCfg = Release|Any CPU
		{3BD933D2-2CE4-426A-9355-5851C4659970}.Release|Any CPU.Build.0 = Release|Any CPU
		{580056A9-D899-4BEC-B0C2-6E79DFEC6A69}.Debug|Any CPU.ActiveCfg = Debug|Any CPU
		{580056A9-D899-4BEC-B0C2-6E79DFEC6A69}.Debug|Any CPU.Build.0 = Debug|Any CPU
		{580056A9-D899-4BEC-B0C2-6E79DFEC6A69}.Release|Any CPU.ActiveCfg = Release|Any CPU
		{580056A9-D899-4BEC-B0C2-6E79DFEC6A69}.Release|Any CPU.Build.0 = Release|Any CPU
		{863192BC-49C1-4066-8853-AC2871CFC1FB}.Debug|Any CPU.ActiveCfg = Debug|Any CPU
		{863192BC-49C1-4066-8853-AC2871CFC1FB}.Debug|Any CPU.Build.0 = Debug|Any CPU
		{863192BC-49C1-4066-8853-AC2871CFC1FB}.Release|Any CPU.ActiveCfg = Release|Any CPU
		{863192BC-49C1-4066-8853-AC2871CFC1FB}.Release|Any CPU.Build.0 = Release|Any CPU
		{73529331-F48B-4773-84B8-5C77911BDF68}.Debug|Any CPU.ActiveCfg = Debug|Any CPU
		{73529331-F48B-4773-84B8-5C77911BDF68}.Debug|Any CPU.Build.0 = Debug|Any CPU
		{73529331-F48B-4773-84B8-5C77911BDF68}.Release|Any CPU.ActiveCfg = Release|Any CPU
		{73529331-F48B-4773-84B8-5C77911BDF68}.Release|Any CPU.Build.0 = Release|Any CPU
		{2C637DD5-B5F0-4DC0-8495-B1F4FF677DFF}.Debug|Any CPU.ActiveCfg = Debug|Any CPU
		{2C637DD5-B5F0-4DC0-8495-B1F4FF677DFF}.Debug|Any CPU.Build.0 = Debug|Any CPU
		{2C637DD5-B5F0-4DC0-8495-B1F4FF677DFF}.Release|Any CPU.ActiveCfg = Release|Any CPU
		{2C637DD5-B5F0-4DC0-8495-B1F4FF677DFF}.Release|Any CPU.Build.0 = Release|Any CPU
		{838FF73C-7D02-4061-AD90-683767B74EE5}.Debug|Any CPU.ActiveCfg = Debug|Any CPU
		{838FF73C-7D02-4061-AD90-683767B74EE5}.Debug|Any CPU.Build.0 = Debug|Any CPU
		{838FF73C-7D02-4061-AD90-683767B74EE5}.Release|Any CPU.ActiveCfg = Release|Any CPU
		{838FF73C-7D02-4061-AD90-683767B74EE5}.Release|Any CPU.Build.0 = Release|Any CPU
		{F3D204EC-4C5E-4130-B58E-F883D6401BB8}.Debug|Any CPU.ActiveCfg = Debug|Any CPU
		{F3D204EC-4C5E-4130-B58E-F883D6401BB8}.Debug|Any CPU.Build.0 = Debug|Any CPU
		{F3D204EC-4C5E-4130-B58E-F883D6401BB8}.Release|Any CPU.ActiveCfg = Release|Any CPU
		{F3D204EC-4C5E-4130-B58E-F883D6401BB8}.Release|Any CPU.Build.0 = Release|Any CPU
		{FF5C4FBB-51EB-4FD2-AD7F-F1418071C9EC}.Debug|Any CPU.ActiveCfg = Debug|Any CPU
		{FF5C4FBB-51EB-4FD2-AD7F-F1418071C9EC}.Debug|Any CPU.Build.0 = Debug|Any CPU
		{FF5C4FBB-51EB-4FD2-AD7F-F1418071C9EC}.Release|Any CPU.ActiveCfg = Release|Any CPU
		{FF5C4FBB-51EB-4FD2-AD7F-F1418071C9EC}.Release|Any CPU.Build.0 = Release|Any CPU
		{8FB296F7-8341-444B-AF4F-09293F9D4F9E}.Debug|Any CPU.ActiveCfg = Debug|Any CPU
		{8FB296F7-8341-444B-AF4F-09293F9D4F9E}.Debug|Any CPU.Build.0 = Debug|Any CPU
		{8FB296F7-8341-444B-AF4F-09293F9D4F9E}.Release|Any CPU.ActiveCfg = Release|Any CPU
		{8FB296F7-8341-444B-AF4F-09293F9D4F9E}.Release|Any CPU.Build.0 = Release|Any CPU
		{BBB82056-B869-4039-A506-EE156A4B89CB}.Debug|Any CPU.ActiveCfg = Debug|Any CPU
		{BBB82056-B869-4039-A506-EE156A4B89CB}.Debug|Any CPU.Build.0 = Debug|Any CPU
		{BBB82056-B869-4039-A506-EE156A4B89CB}.Release|Any CPU.ActiveCfg = Release|Any CPU
		{BBB82056-B869-4039-A506-EE156A4B89CB}.Release|Any CPU.Build.0 = Release|Any CPU
		{6498E1C5-A97D-4E0E-9D6A-3D23147631DF}.Debug|Any CPU.ActiveCfg = Debug|Any CPU
		{6498E1C5-A97D-4E0E-9D6A-3D23147631DF}.Debug|Any CPU.Build.0 = Debug|Any CPU
		{6498E1C5-A97D-4E0E-9D6A-3D23147631DF}.Release|Any CPU.ActiveCfg = Release|Any CPU
		{6498E1C5-A97D-4E0E-9D6A-3D23147631DF}.Release|Any CPU.Build.0 = Release|Any CPU
		{909CADC7-6E0A-4B54-9BCA-6A2B4DC43C7D}.Debug|Any CPU.ActiveCfg = Debug|Any CPU
		{909CADC7-6E0A-4B54-9BCA-6A2B4DC43C7D}.Debug|Any CPU.Build.0 = Debug|Any CPU
		{909CADC7-6E0A-4B54-9BCA-6A2B4DC43C7D}.Release|Any CPU.ActiveCfg = Release|Any CPU
		{909CADC7-6E0A-4B54-9BCA-6A2B4DC43C7D}.Release|Any CPU.Build.0 = Release|Any CPU
	EndGlobalSection
	GlobalSection(SolutionProperties) = preSolution
		HideSolutionNode = FALSE
	EndGlobalSection
	GlobalSection(ExtensibilityGlobals) = postSolution
		SolutionGuid = {A4D21A5C-B46D-4BDA-BED6-8863F0046E27}
	EndGlobalSection
EndGlobal
